
Microsoft Visual Studio Solution File, Format Version 12.00
# Visual Studio Version 16
VisualStudioVersion = 16.0.30011.22
MinimumVisualStudioVersion = 10.0.40219.1
Project("{9A19103F-16F7-4668-BE54-9A1E7A4F7556}") = "InternetConnectionTest", "InternetConnectionTest\InternetConnectionTest.csproj", "{A3C9AE31-57CC-416F-AC7E-1CA6A5C2C624}"
EndProject
Project("{FAE04EC0-301F-11D3-BF4B-00C04F79EFBC}") = "InternetConnectionTest.Test", "InternetConnectionTest.Test\InternetConnectionTest.Test.csproj", "{5D92EF5D-5CC8-42BB-8C02-ED1E72BE896E}"
EndProject
Global
	GlobalSection(SolutionConfigurationPlatforms) = preSolution
		Debug|Any CPU = Debug|Any CPU
		Release|Any CPU = Release|Any CPU
	EndGlobalSection
	GlobalSection(ProjectConfigurationPlatforms) = postSolution
		{A3C9AE31-57CC-416F-AC7E-1CA6A5C2C624}.Debug|Any CPU.ActiveCfg = Debug|Any CPU
		{A3C9AE31-57CC-416F-AC7E-1CA6A5C2C624}.Debug|Any CPU.Build.0 = Debug|Any CPU
		{A3C9AE31-57CC-416F-AC7E-1CA6A5C2C624}.Release|Any CPU.ActiveCfg = Release|Any CPU
		{A3C9AE31-57CC-416F-AC7E-1CA6A5C2C624}.Release|Any CPU.Build.0 = Release|Any CPU
		{5D92EF5D-5CC8-42BB-8C02-ED1E72BE896E}.Debug|Any CPU.ActiveCfg = Debug|Any CPU
		{5D92EF5D-5CC8-42BB-8C02-ED1E72BE896E}.Debug|Any CPU.Build.0 = Debug|Any CPU
		{5D92EF5D-5CC8-42BB-8C02-ED1E72BE896E}.Release|Any CPU.ActiveCfg = Release|Any CPU
		{5D92EF5D-5CC8-42BB-8C02-ED1E72BE896E}.Release|Any CPU.Build.0 = Release|Any CPU
	EndGlobalSection
	GlobalSection(SolutionProperties) = preSolution
		HideSolutionNode = FALSE
	EndGlobalSection
	GlobalSection(ExtensibilityGlobals) = postSolution
		SolutionGuid = {3CC2391D-FDBF-46B0-BCAF-561BE767FD5A}
	EndGlobalSection
EndGlobal
